
Microsoft Visual Studio Solution File, Format Version 12.00
# Visual Studio Version 17
VisualStudioVersion = 17.8.34408.163
MinimumVisualStudioVersion = 10.0.40219.1
Project("{FAE04EC0-301F-11D3-BF4B-00C04F79EFBC}") = "LearnSpaceApi", "LearnSpaceApi\LearnSpaceApi.csproj", "{3D059090-0802-4EC3-9BC0-2251537F69B8}"
EndProject
Global
	GlobalSection(SolutionConfigurationPlatforms) = preSolution
		Debug|Any CPU = Debug|Any CPU
		Release|Any CPU = Release|Any CPU
	EndGlobalSection
	GlobalSection(ProjectConfigurationPlatforms) = postSolution
		{3D059090-0802-4EC3-9BC0-2251537F69B8}.Debug|Any CPU.ActiveCfg = Debug|Any CPU
		{3D059090-0802-4EC3-9BC0-2251537F69B8}.Debug|Any CPU.Build.0 = Debug|Any CPU
		{3D059090-0802-4EC3-9BC0-2251537F69B8}.Release|Any CPU.ActiveCfg = Release|Any CPU
		{3D059090-0802-4EC3-9BC0-2251537F69B8}.Release|Any CPU.Build.0 = Release|Any CPU
	EndGlobalSection
	GlobalSection(SolutionProperties) = preSolution
		HideSolutionNode = FALSE
	EndGlobalSection
	GlobalSection(ExtensibilityGlobals) = postSolution
		SolutionGuid = {C67744D3-5344-4071-8AC2-459794FF9338}
	EndGlobalSection
EndGlobal
